# @generated by Move, please check-in and do not edit manually.

[move]
version = 3
manifest_digest = "2E52BA25E2D2E0BE6873D4644C9F6A4FE9956F4B19223D21F32E34F2FEEF1C95"
deps_digest = "F8BBB0CCB2491CA29A3DF03D6F92277A4F3574266507ACD77214D37ECA3F3082"
dependencies = [
  { id = "Sui", name = "Sui" },
]

[[move.package]]
id = "MoveStdlib"
source = { git = "https://github.com/MystenLabs/sui.git", rev = "main", subdir = "crates/sui-framework/packages/move-stdlib" }

[[move.package]]
id = "Sui"
source = { git = "https://github.com/MystenLabs/sui.git", rev = "main", subdir = "crates/sui-framework/packages/sui-framework" }

dependencies = [
  { id = "MoveStdlib", name = "MoveStdlib" },
]

[move.toolchain-version]
compiler-version = "1.45.0"
edition = "2024.beta"
flavor = "sui"

[env]

[env.localnet]
chain-id = "6a02e389"
original-published-id = "0x9f03fae45c2f5dc68cc98783dee8899115dd38bd8c7b34836a5c04da35b28835"
latest-published-id = "0x9f03fae45c2f5dc68cc98783dee8899115dd38bd8c7b34836a5c04da35b28835"
published-version = "1"

[env.devnet]
chain-id = "4829d9bc"
original-published-id = "0x4f94b5a17f65e02eb01302161f4e7f3a618f5cd57f3091dfb9dca4c83e9202a0"
latest-published-id = "0x4f94b5a17f65e02eb01302161f4e7f3a618f5cd57f3091dfb9dca4c83e9202a0"
published-version = "1"
